
Microsoft Visual Studio Solution File, Format Version 12.00
# Visual Studio Version 17
VisualStudioVersion = 17.8.34309.116
MinimumVisualStudioVersion = 10.0.40219.1
Project("{FAE04EC0-301F-11D3-BF4B-00C04F79EFBC}") = "Retrietive Data From DB to Console", "Retrietive Data From DB to Console.csproj", "{73A54296-806F-4AB6-9FDA-9A45AC05BD13}"
EndProject
Global
	GlobalSection(SolutionConfigurationPlatforms) = preSolution
		Debug|Any CPU = Debug|Any CPU
		Release|Any CPU = Release|Any CPU
	EndGlobalSection
	GlobalSection(ProjectConfigurationPlatforms) = postSolution
		{73A54296-806F-4AB6-9FDA-9A45AC05BD13}.Debug|Any CPU.ActiveCfg = Debug|Any CPU
		{73A54296-806F-4AB6-9FDA-9A45AC05BD13}.Debug|Any CPU.Build.0 = Debug|Any CPU
		{73A54296-806F-4AB6-9FDA-9A45AC05BD13}.Release|Any CPU.ActiveCfg = Release|Any CPU
		{73A54296-806F-4AB6-9FDA-9A45AC05BD13}.Release|Any CPU.Build.0 = Release|Any CPU
	EndGlobalSection
	GlobalSection(SolutionProperties) = preSolution
		HideSolutionNode = FALSE
	EndGlobalSection
	GlobalSection(ExtensibilityGlobals) = postSolution
		SolutionGuid = {0A2B5BF9-D4D4-4FF4-97B2-57816F310E83}
	EndGlobalSection
EndGlobal
