
Microsoft Visual Studio Solution File, Format Version 12.00
# Visual Studio Version 17
VisualStudioVersion = 17.8.34309.116
MinimumVisualStudioVersion = 10.0.40219.1
Project("{FAE04EC0-301F-11D3-BF4B-00C04F79EFBC}") = "Serialization and Deserialization", "Serialization and Deserialization.csproj", "{55599CAF-3404-4293-BD01-D28F9929E369}"
EndProject
Global
	GlobalSection(SolutionConfigurationPlatforms) = preSolution
		Debug|Any CPU = Debug|Any CPU
		Release|Any CPU = Release|Any CPU
	EndGlobalSection
	GlobalSection(ProjectConfigurationPlatforms) = postSolution
		{55599CAF-3404-4293-BD01-D28F9929E369}.Debug|Any CPU.ActiveCfg = Debug|Any CPU
		{55599CAF-3404-4293-BD01-D28F9929E369}.Debug|Any CPU.Build.0 = Debug|Any CPU
		{55599CAF-3404-4293-BD01-D28F9929E369}.Release|Any CPU.ActiveCfg = Release|Any CPU
		{55599CAF-3404-4293-BD01-D28F9929E369}.Release|Any CPU.Build.0 = Release|Any CPU
	EndGlobalSection
	GlobalSection(SolutionProperties) = preSolution
		HideSolutionNode = FALSE
	EndGlobalSection
	GlobalSection(ExtensibilityGlobals) = postSolution
		SolutionGuid = {CBDB237C-47A1-4131-8DB7-F8FFF103B137}
	EndGlobalSection
EndGlobal
