
Microsoft Visual Studio Solution File, Format Version 12.00
# Visual Studio Version 17
VisualStudioVersion = 17.8.34309.116
MinimumVisualStudioVersion = 10.0.40219.1
Project("{FAE04EC0-301F-11D3-BF4B-00C04F79EFBC}") = "Send data from form 2 to form 1", "Send data from form 2 to form 1.csproj", "{FA5AFD6F-AF8F-4730-99C6-0F1264C4C272}"
EndProject
Global
	GlobalSection(SolutionConfigurationPlatforms) = preSolution
		Debug|Any CPU = Debug|Any CPU
		Release|Any CPU = Release|Any CPU
	EndGlobalSection
	GlobalSection(ProjectConfigurationPlatforms) = postSolution
		{FA5AFD6F-AF8F-4730-99C6-0F1264C4C272}.Debug|Any CPU.ActiveCfg = Debug|Any CPU
		{FA5AFD6F-AF8F-4730-99C6-0F1264C4C272}.Debug|Any CPU.Build.0 = Debug|Any CPU
		{FA5AFD6F-AF8F-4730-99C6-0F1264C4C272}.Release|Any CPU.ActiveCfg = Release|Any CPU
		{FA5AFD6F-AF8F-4730-99C6-0F1264C4C272}.Release|Any CPU.Build.0 = Release|Any CPU
	EndGlobalSection
	GlobalSection(SolutionProperties) = preSolution
		HideSolutionNode = FALSE
	EndGlobalSection
	GlobalSection(ExtensibilityGlobals) = postSolution
		SolutionGuid = {594FB923-EA46-4CF9-A47C-5DF0A38A99CA}
	EndGlobalSection
EndGlobal
