
Microsoft Visual Studio Solution File, Format Version 12.00
# Visual Studio Version 17
VisualStudioVersion = 17.8.34309.116
MinimumVisualStudioVersion = 10.0.40219.1
Project("{FAE04EC0-301F-11D3-BF4B-00C04F79EFBC}") = "ContactsPresentationProjectLayer", "ContactsPresentationProjectLayer.csproj", "{38164912-7995-4787-B099-9945E9F04045}"
EndProject
Project("{FAE04EC0-301F-11D3-BF4B-00C04F79EFBC}") = "ContactsBusinessLayer", "..\ContactsBusinessLayer\ContactsBusinessLayer.csproj", "{8104AFB0-A189-42B5-9F21-FA47309BB852}"
EndProject
Project("{FAE04EC0-301F-11D3-BF4B-00C04F79EFBC}") = "ContactDataAccessLayer", "..\ContactDataAccessLayer\ContactDataAccessLayer.csproj", "{FB928482-0A75-4283-A357-82D17C8CEA0B}"
EndProject
Global
	GlobalSection(SolutionConfigurationPlatforms) = preSolution
		Debug|Any CPU = Debug|Any CPU
		Release|Any CPU = Release|Any CPU
	EndGlobalSection
	GlobalSection(ProjectConfigurationPlatforms) = postSolution
		{38164912-7995-4787-B099-9945E9F04045}.Debug|Any CPU.ActiveCfg = Debug|Any CPU
		{38164912-7995-4787-B099-9945E9F04045}.Debug|Any CPU.Build.0 = Debug|Any CPU
		{38164912-7995-4787-B099-9945E9F04045}.Release|Any CPU.ActiveCfg = Release|Any CPU
		{38164912-7995-4787-B099-9945E9F04045}.Release|Any CPU.Build.0 = Release|Any CPU
		{8104AFB0-A189-42B5-9F21-FA47309BB852}.Debug|Any CPU.ActiveCfg = Debug|Any CPU
		{8104AFB0-A189-42B5-9F21-FA47309BB852}.Debug|Any CPU.Build.0 = Debug|Any CPU
		{8104AFB0-A189-42B5-9F21-FA47309BB852}.Release|Any CPU.ActiveCfg = Release|Any CPU
		{8104AFB0-A189-42B5-9F21-FA47309BB852}.Release|Any CPU.Build.0 = Release|Any CPU
		{FB928482-0A75-4283-A357-82D17C8CEA0B}.Debug|Any CPU.ActiveCfg = Debug|Any CPU
		{FB928482-0A75-4283-A357-82D17C8CEA0B}.Debug|Any CPU.Build.0 = Debug|Any CPU
		{FB928482-0A75-4283-A357-82D17C8CEA0B}.Release|Any CPU.ActiveCfg = Release|Any CPU
		{FB928482-0A75-4283-A357-82D17C8CEA0B}.Release|Any CPU.Build.0 = Release|Any CPU
	EndGlobalSection
	GlobalSection(SolutionProperties) = preSolution
		HideSolutionNode = FALSE
	EndGlobalSection
	GlobalSection(ExtensibilityGlobals) = postSolution
		SolutionGuid = {7FDE12CC-9BFA-4794-91DE-3D9962E98518}
	EndGlobalSection
EndGlobal
