
Microsoft Visual Studio Solution File, Format Version 12.00
# Visual Studio Version 17
VisualStudioVersion = 17.7.34031.279
MinimumVisualStudioVersion = 10.0.40219.1
Project("{8BC9CEB8-8B4A-11D0-8D11-00A0C91BC942}") = "EvenCount", "EvenCount\EvenCount.vcxproj", "{8CEA375F-4DB6-4AB9-94CE-457ABC7F07A0}"
EndProject
Global
	GlobalSection(SolutionConfigurationPlatforms) = preSolution
		Debug|x64 = Debug|x64
		Debug|x86 = Debug|x86
		Release|x64 = Release|x64
		Release|x86 = Release|x86
	EndGlobalSection
	GlobalSection(ProjectConfigurationPlatforms) = postSolution
		{8CEA375F-4DB6-4AB9-94CE-457ABC7F07A0}.Debug|x64.ActiveCfg = Debug|x64
		{8CEA375F-4DB6-4AB9-94CE-457ABC7F07A0}.Debug|x64.Build.0 = Debug|x64
		{8CEA375F-4DB6-4AB9-94CE-457ABC7F07A0}.Debug|x86.ActiveCfg = Debug|Win32
		{8CEA375F-4DB6-4AB9-94CE-457ABC7F07A0}.Debug|x86.Build.0 = Debug|Win32
		{8CEA375F-4DB6-4AB9-94CE-457ABC7F07A0}.Release|x64.ActiveCfg = Release|x64
		{8CEA375F-4DB6-4AB9-94CE-457ABC7F07A0}.Release|x64.Build.0 = Release|x64
		{8CEA375F-4DB6-4AB9-94CE-457ABC7F07A0}.Release|x86.ActiveCfg = Release|Win32
		{8CEA375F-4DB6-4AB9-94CE-457ABC7F07A0}.Release|x86.Build.0 = Release|Win32
	EndGlobalSection
	GlobalSection(SolutionProperties) = preSolution
		HideSolutionNode = FALSE
	EndGlobalSection
	GlobalSection(ExtensibilityGlobals) = postSolution
		SolutionGuid = {1DC2FDAF-B125-4441-93C5-08971F652C87}
	EndGlobalSection
EndGlobal
