
Microsoft Visual Studio Solution File, Format Version 12.00
# Visual Studio Version 17
VisualStudioVersion = 17.7.34031.279
MinimumVisualStudioVersion = 10.0.40219.1
Project("{8BC9CEB8-8B4A-11D0-8D11-00A0C91BC942}") = "repeat numbers in array", "repeat numbers in array\repeat numbers in array.vcxproj", "{709616A5-31C3-4545-9913-07927A4C310D}"
EndProject
Global
	GlobalSection(SolutionConfigurationPlatforms) = preSolution
		Debug|x64 = Debug|x64
		Debug|x86 = Debug|x86
		Release|x64 = Release|x64
		Release|x86 = Release|x86
	EndGlobalSection
	GlobalSection(ProjectConfigurationPlatforms) = postSolution
		{709616A5-31C3-4545-9913-07927A4C310D}.Debug|x64.ActiveCfg = Debug|x64
		{709616A5-31C3-4545-9913-07927A4C310D}.Debug|x64.Build.0 = Debug|x64
		{709616A5-31C3-4545-9913-07927A4C310D}.Debug|x86.ActiveCfg = Debug|Win32
		{709616A5-31C3-4545-9913-07927A4C310D}.Debug|x86.Build.0 = Debug|Win32
		{709616A5-31C3-4545-9913-07927A4C310D}.Release|x64.ActiveCfg = Release|x64
		{709616A5-31C3-4545-9913-07927A4C310D}.Release|x64.Build.0 = Release|x64
		{709616A5-31C3-4545-9913-07927A4C310D}.Release|x86.ActiveCfg = Release|Win32
		{709616A5-31C3-4545-9913-07927A4C310D}.Release|x86.Build.0 = Release|Win32
	EndGlobalSection
	GlobalSection(SolutionProperties) = preSolution
		HideSolutionNode = FALSE
	EndGlobalSection
	GlobalSection(ExtensibilityGlobals) = postSolution
		SolutionGuid = {1152C6EF-1FB5-484E-8C59-B1CF92ED1B7E}
	EndGlobalSection
EndGlobal
