
Microsoft Visual Studio Solution File, Format Version 12.00
# Visual Studio Version 17
VisualStudioVersion = 17.7.34031.279
MinimumVisualStudioVersion = 10.0.40219.1
Project("{8BC9CEB8-8B4A-11D0-8D11-00A0C91BC942}") = "Remove Punctuations From String", "Remove Punctuations From String.vcxproj", "{9A36FE92-BF40-4968-9672-E60F3402B06D}"
EndProject
Global
	GlobalSection(SolutionConfigurationPlatforms) = preSolution
		Debug|x64 = Debug|x64
		Debug|x86 = Debug|x86
		Release|x64 = Release|x64
		Release|x86 = Release|x86
	EndGlobalSection
	GlobalSection(ProjectConfigurationPlatforms) = postSolution
		{9A36FE92-BF40-4968-9672-E60F3402B06D}.Debug|x64.ActiveCfg = Debug|x64
		{9A36FE92-BF40-4968-9672-E60F3402B06D}.Debug|x64.Build.0 = Debug|x64
		{9A36FE92-BF40-4968-9672-E60F3402B06D}.Debug|x86.ActiveCfg = Debug|Win32
		{9A36FE92-BF40-4968-9672-E60F3402B06D}.Debug|x86.Build.0 = Debug|Win32
		{9A36FE92-BF40-4968-9672-E60F3402B06D}.Release|x64.ActiveCfg = Release|x64
		{9A36FE92-BF40-4968-9672-E60F3402B06D}.Release|x64.Build.0 = Release|x64
		{9A36FE92-BF40-4968-9672-E60F3402B06D}.Release|x86.ActiveCfg = Release|Win32
		{9A36FE92-BF40-4968-9672-E60F3402B06D}.Release|x86.Build.0 = Release|Win32
	EndGlobalSection
	GlobalSection(SolutionProperties) = preSolution
		HideSolutionNode = FALSE
	EndGlobalSection
	GlobalSection(ExtensibilityGlobals) = postSolution
		SolutionGuid = {A3ACC5A0-9C86-49C9-A4DF-E45C6AC3CE1C}
	EndGlobalSection
EndGlobal
