
Microsoft Visual Studio Solution File, Format Version 12.00
# Visual Studio Version 17
VisualStudioVersion = 17.8.34309.116
MinimumVisualStudioVersion = 10.0.40219.1
Project("{8BC9CEB8-8B4A-11D0-8D11-00A0C91BC942}") = "is date1 one after date2", "is date1 one after date2.vcxproj", "{90652B92-4465-42B2-BA65-613B5FE6C79D}"
EndProject
Global
	GlobalSection(SolutionConfigurationPlatforms) = preSolution
		Debug|x64 = Debug|x64
		Debug|x86 = Debug|x86
		Release|x64 = Release|x64
		Release|x86 = Release|x86
	EndGlobalSection
	GlobalSection(ProjectConfigurationPlatforms) = postSolution
		{90652B92-4465-42B2-BA65-613B5FE6C79D}.Debug|x64.ActiveCfg = Debug|x64
		{90652B92-4465-42B2-BA65-613B5FE6C79D}.Debug|x64.Build.0 = Debug|x64
		{90652B92-4465-42B2-BA65-613B5FE6C79D}.Debug|x86.ActiveCfg = Debug|Win32
		{90652B92-4465-42B2-BA65-613B5FE6C79D}.Debug|x86.Build.0 = Debug|Win32
		{90652B92-4465-42B2-BA65-613B5FE6C79D}.Release|x64.ActiveCfg = Release|x64
		{90652B92-4465-42B2-BA65-613B5FE6C79D}.Release|x64.Build.0 = Release|x64
		{90652B92-4465-42B2-BA65-613B5FE6C79D}.Release|x86.ActiveCfg = Release|Win32
		{90652B92-4465-42B2-BA65-613B5FE6C79D}.Release|x86.Build.0 = Release|Win32
	EndGlobalSection
	GlobalSection(SolutionProperties) = preSolution
		HideSolutionNode = FALSE
	EndGlobalSection
	GlobalSection(ExtensibilityGlobals) = postSolution
		SolutionGuid = {D53C38FB-A1EC-410C-9C28-DB7B3946BDB9}
	EndGlobalSection
EndGlobal
