
Microsoft Visual Studio Solution File, Format Version 12.00
# Visual Studio Version 17
VisualStudioVersion = 17.8.34309.116
MinimumVisualStudioVersion = 10.0.40219.1
Project("{FAE04EC0-301F-11D3-BF4B-00C04F79EFBC}") = "Insert Data to DB", "Insert Data to DB.csproj", "{2D77ABA1-2857-4BF3-BEFD-184A89264175}"
EndProject
Global
	GlobalSection(SolutionConfigurationPlatforms) = preSolution
		Debug|Any CPU = Debug|Any CPU
		Release|Any CPU = Release|Any CPU
	EndGlobalSection
	GlobalSection(ProjectConfigurationPlatforms) = postSolution
		{2D77ABA1-2857-4BF3-BEFD-184A89264175}.Debug|Any CPU.ActiveCfg = Debug|Any CPU
		{2D77ABA1-2857-4BF3-BEFD-184A89264175}.Debug|Any CPU.Build.0 = Debug|Any CPU
		{2D77ABA1-2857-4BF3-BEFD-184A89264175}.Release|Any CPU.ActiveCfg = Release|Any CPU
		{2D77ABA1-2857-4BF3-BEFD-184A89264175}.Release|Any CPU.Build.0 = Release|Any CPU
	EndGlobalSection
	GlobalSection(SolutionProperties) = preSolution
		HideSolutionNode = FALSE
	EndGlobalSection
	GlobalSection(ExtensibilityGlobals) = postSolution
		SolutionGuid = {DB1A2EB4-5A51-4620-A504-1B900AFE4A68}
	EndGlobalSection
EndGlobal
