
Microsoft Visual Studio Solution File, Format Version 12.00
# Visual Studio Version 17
VisualStudioVersion = 17.8.34309.116
MinimumVisualStudioVersion = 10.0.40219.1
Project("{8BC9CEB8-8B4A-11D0-8D11-00A0C91BC942}") = "period length in days", "period length in days.vcxproj", "{B3478D1D-658D-4D9C-9350-96A8C7E8CD06}"
EndProject
Global
	GlobalSection(SolutionConfigurationPlatforms) = preSolution
		Debug|x64 = Debug|x64
		Debug|x86 = Debug|x86
		Release|x64 = Release|x64
		Release|x86 = Release|x86
	EndGlobalSection
	GlobalSection(ProjectConfigurationPlatforms) = postSolution
		{B3478D1D-658D-4D9C-9350-96A8C7E8CD06}.Debug|x64.ActiveCfg = Debug|x64
		{B3478D1D-658D-4D9C-9350-96A8C7E8CD06}.Debug|x64.Build.0 = Debug|x64
		{B3478D1D-658D-4D9C-9350-96A8C7E8CD06}.Debug|x86.ActiveCfg = Debug|Win32
		{B3478D1D-658D-4D9C-9350-96A8C7E8CD06}.Debug|x86.Build.0 = Debug|Win32
		{B3478D1D-658D-4D9C-9350-96A8C7E8CD06}.Release|x64.ActiveCfg = Release|x64
		{B3478D1D-658D-4D9C-9350-96A8C7E8CD06}.Release|x64.Build.0 = Release|x64
		{B3478D1D-658D-4D9C-9350-96A8C7E8CD06}.Release|x86.ActiveCfg = Release|Win32
		{B3478D1D-658D-4D9C-9350-96A8C7E8CD06}.Release|x86.Build.0 = Release|Win32
	EndGlobalSection
	GlobalSection(SolutionProperties) = preSolution
		HideSolutionNode = FALSE
	EndGlobalSection
	GlobalSection(ExtensibilityGlobals) = postSolution
		SolutionGuid = {C1824289-55E3-433B-BDB3-66E6ECB17787}
	EndGlobalSection
EndGlobal
