
Microsoft Visual Studio Solution File, Format Version 12.00
# Visual Studio Version 17
VisualStudioVersion = 17.8.34309.116
MinimumVisualStudioVersion = 10.0.40219.1
Project("{8BC9CEB8-8B4A-11D0-8D11-00A0C91BC942}") = "compare tow dates", "compare tow dates.vcxproj", "{714A5547-296D-448A-BE07-E171F6D21458}"
EndProject
Global
	GlobalSection(SolutionConfigurationPlatforms) = preSolution
		Debug|x64 = Debug|x64
		Debug|x86 = Debug|x86
		Release|x64 = Release|x64
		Release|x86 = Release|x86
	EndGlobalSection
	GlobalSection(ProjectConfigurationPlatforms) = postSolution
		{714A5547-296D-448A-BE07-E171F6D21458}.Debug|x64.ActiveCfg = Debug|x64
		{714A5547-296D-448A-BE07-E171F6D21458}.Debug|x64.Build.0 = Debug|x64
		{714A5547-296D-448A-BE07-E171F6D21458}.Debug|x86.ActiveCfg = Debug|Win32
		{714A5547-296D-448A-BE07-E171F6D21458}.Debug|x86.Build.0 = Debug|Win32
		{714A5547-296D-448A-BE07-E171F6D21458}.Release|x64.ActiveCfg = Release|x64
		{714A5547-296D-448A-BE07-E171F6D21458}.Release|x64.Build.0 = Release|x64
		{714A5547-296D-448A-BE07-E171F6D21458}.Release|x86.ActiveCfg = Release|Win32
		{714A5547-296D-448A-BE07-E171F6D21458}.Release|x86.Build.0 = Release|Win32
	EndGlobalSection
	GlobalSection(SolutionProperties) = preSolution
		HideSolutionNode = FALSE
	EndGlobalSection
	GlobalSection(ExtensibilityGlobals) = postSolution
		SolutionGuid = {C3D59785-718F-4F14-86EB-57B0EEAFC345}
	EndGlobalSection
EndGlobal
