
Microsoft Visual Studio Solution File, Format Version 12.00
# Visual Studio Version 17
VisualStudioVersion = 17.7.34031.279
MinimumVisualStudioVersion = 10.0.40219.1
Project("{8BC9CEB8-8B4A-11D0-8D11-00A0C91BC942}") = "reversed Number not print", "reversed Number not print\reversed Number not print.vcxproj", "{030A18EB-0DFD-4183-AD06-60B68DB20400}"
EndProject
Global
	GlobalSection(SolutionConfigurationPlatforms) = preSolution
		Debug|x64 = Debug|x64
		Debug|x86 = Debug|x86
		Release|x64 = Release|x64
		Release|x86 = Release|x86
	EndGlobalSection
	GlobalSection(ProjectConfigurationPlatforms) = postSolution
		{030A18EB-0DFD-4183-AD06-60B68DB20400}.Debug|x64.ActiveCfg = Debug|x64
		{030A18EB-0DFD-4183-AD06-60B68DB20400}.Debug|x64.Build.0 = Debug|x64
		{030A18EB-0DFD-4183-AD06-60B68DB20400}.Debug|x86.ActiveCfg = Debug|Win32
		{030A18EB-0DFD-4183-AD06-60B68DB20400}.Debug|x86.Build.0 = Debug|Win32
		{030A18EB-0DFD-4183-AD06-60B68DB20400}.Release|x64.ActiveCfg = Release|x64
		{030A18EB-0DFD-4183-AD06-60B68DB20400}.Release|x64.Build.0 = Release|x64
		{030A18EB-0DFD-4183-AD06-60B68DB20400}.Release|x86.ActiveCfg = Release|Win32
		{030A18EB-0DFD-4183-AD06-60B68DB20400}.Release|x86.Build.0 = Release|Win32
	EndGlobalSection
	GlobalSection(SolutionProperties) = preSolution
		HideSolutionNode = FALSE
	EndGlobalSection
	GlobalSection(ExtensibilityGlobals) = postSolution
		SolutionGuid = {D06AAA9B-3599-4B9A-96F8-29B44D070482}
	EndGlobalSection
EndGlobal
