
Microsoft Visual Studio Solution File, Format Version 12.00
# Visual Studio Version 17
VisualStudioVersion = 17.8.34309.116
MinimumVisualStudioVersion = 10.0.40219.1
Project("{FAE04EC0-301F-11D3-BF4B-00C04F79EFBC}") = "tic-tac-toe game project", "tic-tac-toe game project.csproj", "{22D83AAC-BC07-47D0-917E-B76B8E922C4F}"
EndProject
Global
	GlobalSection(SolutionConfigurationPlatforms) = preSolution
		Debug|Any CPU = Debug|Any CPU
		Release|Any CPU = Release|Any CPU
	EndGlobalSection
	GlobalSection(ProjectConfigurationPlatforms) = postSolution
		{22D83AAC-BC07-47D0-917E-B76B8E922C4F}.Debug|Any CPU.ActiveCfg = Debug|Any CPU
		{22D83AAC-BC07-47D0-917E-B76B8E922C4F}.Debug|Any CPU.Build.0 = Debug|Any CPU
		{22D83AAC-BC07-47D0-917E-B76B8E922C4F}.Release|Any CPU.ActiveCfg = Release|Any CPU
		{22D83AAC-BC07-47D0-917E-B76B8E922C4F}.Release|Any CPU.Build.0 = Release|Any CPU
	EndGlobalSection
	GlobalSection(SolutionProperties) = preSolution
		HideSolutionNode = FALSE
	EndGlobalSection
	GlobalSection(ExtensibilityGlobals) = postSolution
		SolutionGuid = {986CC5D3-EC99-4753-8013-E323FADD75F4}
	EndGlobalSection
EndGlobal
